Microsoft Visual Studio Solution File, Format Version 12.00
# Visual Studio Version 17
VisualStudioVersion = 17.0.31903.59
MinimumVisualStudioVersion = 10.0.40219.1
Project("{818DD77F-CF95-40DF-B375-DAB5EE5F152F}") = "Project_07fb978c96ac4fa18775730092ee36f9_20250601200320434604", "Project_07fb978c96ac4fa18775730092ee36f9_20250601200320434604.csproj", "{818DD77F-CF95-40DF-B375-DAB5EE5F152F}"
EndProject
Global
    GlobalSection(SolutionConfigurationPlatforms) = preSolution
        Debug|Any CPU = Debug|Any CPU
        Release|Any CPU = Release|Any CPU
    EndGlobalSection
    GlobalSection(ProjectConfigurationPlatforms) = postSolution
        {818DD77F-CF95-40DF-B375-DAB5EE5F152F}.Debug|Any CPU.ActiveCfg = Debug|Any CPU
        {818DD77F-CF95-40DF-B375-DAB5EE5F152F}.Debug|Any CPU.Build.0 = Debug|Any CPU
        {818DD77F-CF95-40DF-B375-DAB5EE5F152F}.Release|Any CPU.ActiveCfg = Release|Any CPU
        {818DD77F-CF95-40DF-B375-DAB5EE5F152F}.Release|Any CPU.Build.0 = Release|Any CPU
    EndGlobalSection
EndGlobal